
Microsoft Visual Studio Solution File, Format Version 12.00
# Visual Studio Version 16
VisualStudioVersion = 25.0.1706.1
MinimumVisualStudioVersion = 10.0.40219.1
Project("{FAE04EC0-301F-11D3-BF4B-00C04F79EFBC}") = "The Cookout", "The Cookout\The Cookout.csproj", "{99CDB262-5496-4ED9-8DE9-767BA8E3714A}"
EndProject
Global
	GlobalSection(SolutionConfigurationPlatforms) = preSolution
		Debug|Any CPU = Debug|Any CPU
		Release|Any CPU = Release|Any CPU
	EndGlobalSection
	GlobalSection(ProjectConfigurationPlatforms) = postSolution
		{99CDB262-5496-4ED9-8DE9-767BA8E3714A}.Debug|Any CPU.ActiveCfg = Debug|Any CPU
		{99CDB262-5496-4ED9-8DE9-767BA8E3714A}.Debug|Any CPU.Build.0 = Debug|Any CPU
		{99CDB262-5496-4ED9-8DE9-767BA8E3714A}.Release|Any CPU.ActiveCfg = Release|Any CPU
		{99CDB262-5496-4ED9-8DE9-767BA8E3714A}.Release|Any CPU.Build.0 = Release|Any CPU
	EndGlobalSection
	GlobalSection(SolutionProperties) = preSolution
		HideSolutionNode = FALSE
	EndGlobalSection
	GlobalSection(ExtensibilityGlobals) = postSolution
		SolutionGuid = {1322B5B2-3208-47BB-A814-BB85A0D79D66}
	EndGlobalSection
EndGlobal
